
Microsoft Visual Studio Solution File, Format Version 12.00
# Visual Studio Version 16
VisualStudioVersion = 16.0.31613.86
MinimumVisualStudioVersion = 10.0.40219.1
Project("{9A19103F-16F7-4668-BE54-9A1E7A4F7556}") = "UdemyProject", "UdemyProject.csproj", "{B624E104-FFCA-4E50-9D8F-28DCE07F99BA}"
EndProject
Global
	GlobalSection(SolutionConfigurationPlatforms) = preSolution
		Debug|Any CPU = Debug|Any CPU
		Release|Any CPU = Release|Any CPU
	EndGlobalSection
	GlobalSection(ProjectConfigurationPlatforms) = postSolution
		{B624E104-FFCA-4E50-9D8F-28DCE07F99BA}.Debug|Any CPU.ActiveCfg = Debug|Any CPU
		{B624E104-FFCA-4E50-9D8F-28DCE07F99BA}.Debug|Any CPU.Build.0 = Debug|Any CPU
		{B624E104-FFCA-4E50-9D8F-28DCE07F99BA}.Release|Any CPU.ActiveCfg = Release|Any CPU
		{B624E104-FFCA-4E50-9D8F-28DCE07F99BA}.Release|Any CPU.Build.0 = Release|Any CPU
	EndGlobalSection
	GlobalSection(SolutionProperties) = preSolution
		HideSolutionNode = FALSE
	EndGlobalSection
	GlobalSection(ExtensibilityGlobals) = postSolution
		SolutionGuid = {A45D8C30-8059-4832-B22F-497C0ADDEF7B}
	EndGlobalSection
EndGlobal
